
Microsoft Visual Studio Solution File, Format Version 12.00
# Visual Studio Version 16
VisualStudioVersion = 16.0.30413.136
MinimumVisualStudioVersion = 10.0.40219.1
Project("{FAE04EC0-301F-11D3-BF4B-00C04F79EFBC}") = "PrettyWebsite", "PrettyWebsite\PrettyWebsite.csproj", "{E551DF19-9F2B-4257-BD43-7C646A288BED}"
EndProject
Global
	GlobalSection(SolutionConfigurationPlatforms) = preSolution
		David|Any CPU = David|Any CPU
		Debug|Any CPU = Debug|Any CPU
		Mathias|Any CPU = Mathias|Any CPU
		Release|Any CPU = Release|Any CPU
	EndGlobalSection
	GlobalSection(ProjectConfigurationPlatforms) = postSolution
		{E551DF19-9F2B-4257-BD43-7C646A288BED}.David|Any CPU.ActiveCfg = Debug|Any CPU
		{E551DF19-9F2B-4257-BD43-7C646A288BED}.David|Any CPU.Build.0 = Debug|Any CPU
		{E551DF19-9F2B-4257-BD43-7C646A288BED}.Debug|Any CPU.ActiveCfg = Debug|Any CPU
		{E551DF19-9F2B-4257-BD43-7C646A288BED}.Debug|Any CPU.Build.0 = Debug|Any CPU
		{E551DF19-9F2B-4257-BD43-7C646A288BED}.Mathias|Any CPU.ActiveCfg = Release|Any CPU
		{E551DF19-9F2B-4257-BD43-7C646A288BED}.Mathias|Any CPU.Build.0 = Release|Any CPU
		{E551DF19-9F2B-4257-BD43-7C646A288BED}.Release|Any CPU.ActiveCfg = Release|Any CPU
		{E551DF19-9F2B-4257-BD43-7C646A288BED}.Release|Any CPU.Build.0 = Release|Any CPU
	EndGlobalSection
	GlobalSection(SolutionProperties) = preSolution
		HideSolutionNode = FALSE
	EndGlobalSection
	GlobalSection(ExtensibilityGlobals) = postSolution
		SolutionGuid = {BB6EF08E-4AA1-4185-AFCF-5FA726ED5F41}
	EndGlobalSection
EndGlobal
